---
ID: "99d27a8c-c32d-5908-9de8-84e15e2fcd7f"
Parent: "dc8f1d3b-2493-5d81-b05d-eff5ab694ff8"
Template: "a87a00b1-e6db-45ab-8b54-636fec3b5523"
Path: /sitecore/content/app/Components/ContentBlock
DB: master
SharedFields:
- ID: "06d5295c-ed2f-4a54-9bf2-26228d113318"
  Hint: __Icon
  Value: Office/32x32/box_into.png
- ID: "1172f251-dad4-4efb-a329-0c63500e4f1e"
  Hint: __Masters
  Type: TreelistEx
  Value: |
    {A87A00B1-E6DB-45AB-8B54-636FEC3B5523}
    {ACB886A0-ED77-5A9E-853A-6AE85E1F8E84}
Languages:
- Language: en
  Fields:
  - ID: "b5e02ad9-d56f-4c41-a065-a133db87bdeb"
    Hint: __Display name
    Value: Content Block
  Versions:
  - Version: 1
    Fields:
    - ID: "25bed78c-4957-4165-998a-ca1b52f67497"
      Hint: __Created
      Value: 20190813T133656Z
    - ID: "5dd74568-4d4b-44c1-b513-0af5f4cda34f"
      Hint: __Created by
      Value: |
        sitecore\JssImport
